
Microsoft Visual Studio Solution File, Format Version 12.00
# Visual Studio Version 17
VisualStudioVersion = 17.0.31903.59
MinimumVisualStudioVersion = 10.0.40219.1
Project("{FAE04EC0-301F-11D3-BF4B-00C04F79EFBC}") = "API", "API\API.csproj", "{5875FD58-5A8D-4C2B-86BA-31A6F6B96BAA}"
EndProject
Project("{FAE04EC0-301F-11D3-BF4B-00C04F79EFBC}") = "Application", "Application\Application.csproj", "{A5A1C61E-D85F-4CBD-B0FA-0B8D572B01EB}"
EndProject
Project("{FAE04EC0-301F-11D3-BF4B-00C04F79EFBC}") = "Domain", "Domain\Domain.csproj", "{DDF17A1D-E1B5-4254-A9C4-B7643CD408CD}"
EndProject
Project("{FAE04EC0-301F-11D3-BF4B-00C04F79EFBC}") = "Persistence", "Persistence\Persistence.csproj", "{B2256B01-C3DE-488E-83C5-852180CBDF83}"
EndProject
Global
	GlobalSection(SolutionConfigurationPlatforms) = preSolution
		Debug|Any CPU = Debug|Any CPU
		Release|Any CPU = Release|Any CPU
	EndGlobalSection
	GlobalSection(SolutionProperties) = preSolution
		HideSolutionNode = FALSE
	EndGlobalSection
	GlobalSection(ProjectConfigurationPlatforms) = postSolution
		{5875FD58-5A8D-4C2B-86BA-31A6F6B96BAA}.Debug|Any CPU.ActiveCfg = Debug|Any CPU
		{5875FD58-5A8D-4C2B-86BA-31A6F6B96BAA}.Debug|Any CPU.Build.0 = Debug|Any CPU
		{5875FD58-5A8D-4C2B-86BA-31A6F6B96BAA}.Release|Any CPU.ActiveCfg = Release|Any CPU
		{5875FD58-5A8D-4C2B-86BA-31A6F6B96BAA}.Release|Any CPU.Build.0 = Release|Any CPU
		{A5A1C61E-D85F-4CBD-B0FA-0B8D572B01EB}.Debug|Any CPU.ActiveCfg = Debug|Any CPU
		{A5A1C61E-D85F-4CBD-B0FA-0B8D572B01EB}.Debug|Any CPU.Build.0 = Debug|Any CPU
		{A5A1C61E-D85F-4CBD-B0FA-0B8D572B01EB}.Release|Any CPU.ActiveCfg = Release|Any CPU
		{A5A1C61E-D85F-4CBD-B0FA-0B8D572B01EB}.Release|Any CPU.Build.0 = Release|Any CPU
		{DDF17A1D-E1B5-4254-A9C4-B7643CD408CD}.Debug|Any CPU.ActiveCfg = Debug|Any CPU
		{DDF17A1D-E1B5-4254-A9C4-B7643CD408CD}.Debug|Any CPU.Build.0 = Debug|Any CPU
		{DDF17A1D-E1B5-4254-A9C4-B7643CD408CD}.Release|Any CPU.ActiveCfg = Release|Any CPU
		{DDF17A1D-E1B5-4254-A9C4-B7643CD408CD}.Release|Any CPU.Build.0 = Release|Any CPU
		{B2256B01-C3DE-488E-83C5-852180CBDF83}.Debug|Any CPU.ActiveCfg = Debug|Any CPU
		{B2256B01-C3DE-488E-83C5-852180CBDF83}.Debug|Any CPU.Build.0 = Debug|Any CPU
		{B2256B01-C3DE-488E-83C5-852180CBDF83}.Release|Any CPU.ActiveCfg = Release|Any CPU
		{B2256B01-C3DE-488E-83C5-852180CBDF83}.Release|Any CPU.Build.0 = Release|Any CPU
	EndGlobalSection
EndGlobal
